
Microsoft Visual Studio Solution File, Format Version 12.00
# Visual Studio Version 17
VisualStudioVersion = 17.0.32126.317
MinimumVisualStudioVersion = 10.0.40219.1
Project("{FAE04EC0-301F-11D3-BF4B-00C04F79EFBC}") = "SolidPrinciple", "SolidPrinciple\SolidPrinciple.csproj", "{57F07C16-BC93-4889-B0A0-D4B27E2BBD69}"
EndProject
Global
	GlobalSection(SolutionConfigurationPlatforms) = preSolution
		Debug|Any CPU = Debug|Any CPU
		Release|Any CPU = Release|Any CPU
	EndGlobalSection
	GlobalSection(ProjectConfigurationPlatforms) = postSolution
		{57F07C16-BC93-4889-B0A0-D4B27E2BBD69}.Debug|Any CPU.ActiveCfg = Debug|Any CPU
		{57F07C16-BC93-4889-B0A0-D4B27E2BBD69}.Debug|Any CPU.Build.0 = Debug|Any CPU
		{57F07C16-BC93-4889-B0A0-D4B27E2BBD69}.Release|Any CPU.ActiveCfg = Release|Any CPU
		{57F07C16-BC93-4889-B0A0-D4B27E2BBD69}.Release|Any CPU.Build.0 = Release|Any CPU
	EndGlobalSection
	GlobalSection(SolutionProperties) = preSolution
		HideSolutionNode = FALSE
	EndGlobalSection
	GlobalSection(ExtensibilityGlobals) = postSolution
		SolutionGuid = {E4D88F60-A7DB-4A73-B6C6-FE4DABC8B3E3}
	EndGlobalSection
EndGlobal
